
Microsoft Visual Studio Solution File, Format Version 12.00
# Visual Studio 2013
VisualStudioVersion = 12.0.30723.0
MinimumVisualStudioVersion = 10.0.40219.1
Project("{FAE04EC0-301F-11D3-BF4B-00C04F79EFBC}") = "QMP.Model", "QMP.Model\QMP.Model.csproj", "{6F0FD7C4-D2E9-4BF9-BB45-A52B6413F817}"
EndProject
Project("{FAE04EC0-301F-11D3-BF4B-00C04F79EFBC}") = "QMP.ConsoleTester", "QMP.ConsoleTester\QMP.ConsoleTester.csproj", "{B277A30D-171A-48CC-9D34-187F734E5F66}"
EndProject
Project("{FAE04EC0-301F-11D3-BF4B-00C04F79EFBC}") = "QMP.Search", "QMP.Search\QMP.Search.csproj", "{57762E2F-FDAF-4BA3-B0A9-7178928A2823}"
EndProject
Project("{FAE04EC0-301F-11D3-BF4B-00C04F79EFBC}") = "QMP.Analysis", "QMP.Analysis\QMP.Analysis.csproj", "{11F05FD3-B5A0-46D5-927B-B7ECEF87F490}"
EndProject
Project("{F088123C-0E9E-452A-89E6-6BA2F21D5CAC}") = "Modeling", "Modeling\Modeling.modelproj", "{29132A48-DF93-427F-93CC-8FC6FE3864F1}"
EndProject
Global
	GlobalSection(SolutionConfigurationPlatforms) = preSolution
		Debug|Any CPU = Debug|Any CPU
		Release|Any CPU = Release|Any CPU
	EndGlobalSection
	GlobalSection(ProjectConfigurationPlatforms) = postSolution
		{6F0FD7C4-D2E9-4BF9-BB45-A52B6413F817}.Debug|Any CPU.ActiveCfg = Debug|Any CPU
		{6F0FD7C4-D2E9-4BF9-BB45-A52B6413F817}.Debug|Any CPU.Build.0 = Debug|Any CPU
		{6F0FD7C4-D2E9-4BF9-BB45-A52B6413F817}.Release|Any CPU.ActiveCfg = Release|Any CPU
		{6F0FD7C4-D2E9-4BF9-BB45-A52B6413F817}.Release|Any CPU.Build.0 = Release|Any CPU
		{B277A30D-171A-48CC-9D34-187F734E5F66}.Debug|Any CPU.ActiveCfg = Debug|Any CPU
		{B277A30D-171A-48CC-9D34-187F734E5F66}.Debug|Any CPU.Build.0 = Debug|Any CPU
		{B277A30D-171A-48CC-9D34-187F734E5F66}.Release|Any CPU.ActiveCfg = Release|Any CPU
		{B277A30D-171A-48CC-9D34-187F734E5F66}.Release|Any CPU.Build.0 = Release|Any CPU
		{57762E2F-FDAF-4BA3-B0A9-7178928A2823}.Debug|Any CPU.ActiveCfg = Debug|Any CPU
		{57762E2F-FDAF-4BA3-B0A9-7178928A2823}.Debug|Any CPU.Build.0 = Debug|Any CPU
		{57762E2F-FDAF-4BA3-B0A9-7178928A2823}.Release|Any CPU.ActiveCfg = Release|Any CPU
		{57762E2F-FDAF-4BA3-B0A9-7178928A2823}.Release|Any CPU.Build.0 = Release|Any CPU
		{11F05FD3-B5A0-46D5-927B-B7ECEF87F490}.Debug|Any CPU.ActiveCfg = Debug|Any CPU
		{11F05FD3-B5A0-46D5-927B-B7ECEF87F490}.Debug|Any CPU.Build.0 = Debug|Any CPU
		{11F05FD3-B5A0-46D5-927B-B7ECEF87F490}.Release|Any CPU.ActiveCfg = Release|Any CPU
		{11F05FD3-B5A0-46D5-927B-B7ECEF87F490}.Release|Any CPU.Build.0 = Release|Any CPU
		{29132A48-DF93-427F-93CC-8FC6FE3864F1}.Debug|Any CPU.ActiveCfg = Debug|Any CPU
		{29132A48-DF93-427F-93CC-8FC6FE3864F1}.Debug|Any CPU.Build.0 = Debug|Any CPU
		{29132A48-DF93-427F-93CC-8FC6FE3864F1}.Release|Any CPU.ActiveCfg = Release|Any CPU
		{29132A48-DF93-427F-93CC-8FC6FE3864F1}.Release|Any CPU.Build.0 = Release|Any CPU
	EndGlobalSection
	GlobalSection(SolutionProperties) = preSolution
		HideSolutionNode = FALSE
	EndGlobalSection
EndGlobal
